
Microsoft Visual Studio Solution File, Format Version 12.00
# Visual Studio Version 17
VisualStudioVersion = 17.6.33815.320
MinimumVisualStudioVersion = 10.0.40219.1
Project("{FAE04EC0-301F-11D3-BF4B-00C04F79EFBC}") = "MovieCollection_AlexS.UWP", "MovieCollection-AlexS\MovieCollection-AlexS.UWP\MovieCollection_AlexS.UWP.csproj", "{375A19D0-88EE-4226-A8FF-283ACDA0FC39}"
EndProject
Project("{FAE04EC0-301F-11D3-BF4B-00C04F79EFBC}") = "MovieCollection_AlexS.Android", "MovieCollection-AlexS\MovieCollection-AlexS.Android\MovieCollection_AlexS.Android.csproj", "{032D341C-8897-41D0-A2B4-6C0DA3F60462}"
EndProject
Project("{FAE04EC0-301F-11D3-BF4B-00C04F79EFBC}") = "MovieCollection_AlexS.iOS", "MovieCollection-AlexS\MovieCollection-AlexS.iOS\MovieCollection_AlexS.iOS.csproj", "{F0980871-69A0-4BFE-B35A-62C1159FE068}"
EndProject
Project("{9A19103F-16F7-4668-BE54-9A1E7A4F7556}") = "MovieCollection_AlexS", "MovieCollection-AlexS\MovieCollection-AlexS\MovieCollection_AlexS.csproj", "{7905B3AA-265B-4EA0-8DF1-3C4E766E8794}"
EndProject
Global
	GlobalSection(SolutionConfigurationPlatforms) = preSolution
		Debug|Any CPU = Debug|Any CPU
		Debug|ARM = Debug|ARM
		Debug|iPhone = Debug|iPhone
		Debug|iPhoneSimulator = Debug|iPhoneSimulator
		Debug|x64 = Debug|x64
		Debug|x86 = Debug|x86
		Release|Any CPU = Release|Any CPU
		Release|ARM = Release|ARM
		Release|iPhone = Release|iPhone
		Release|iPhoneSimulator = Release|iPhoneSimulator
		Release|x64 = Release|x64
		Release|x86 = Release|x86
	EndGlobalSection
	GlobalSection(ProjectConfigurationPlatforms) = postSolution
		{375A19D0-88EE-4226-A8FF-283ACDA0FC39}.Debug|Any CPU.ActiveCfg = Debug|x64
		{375A19D0-88EE-4226-A8FF-283ACDA0FC39}.Debug|Any CPU.Build.0 = Debug|x64
		{375A19D0-88EE-4226-A8FF-283ACDA0FC39}.Debug|Any CPU.Deploy.0 = Debug|x64
		{375A19D0-88EE-4226-A8FF-283ACDA0FC39}.Debug|ARM.ActiveCfg = Debug|ARM
		{375A19D0-88EE-4226-A8FF-283ACDA0FC39}.Debug|ARM.Build.0 = Debug|ARM
		{375A19D0-88EE-4226-A8FF-283ACDA0FC39}.Debug|ARM.Deploy.0 = Debug|ARM
		{375A19D0-88EE-4226-A8FF-283ACDA0FC39}.Debug|iPhone.ActiveCfg = Debug|x64
		{375A19D0-88EE-4226-A8FF-283ACDA0FC39}.Debug|iPhone.Build.0 = Debug|x64
		{375A19D0-88EE-4226-A8FF-283ACDA0FC39}.Debug|iPhone.Deploy.0 = Debug|x64
		{375A19D0-88EE-4226-A8FF-283ACDA0FC39}.Debug|iPhoneSimulator.ActiveCfg = Debug|x64
		{375A19D0-88EE-4226-A8FF-283ACDA0FC39}.Debug|iPhoneSimulator.Build.0 = Debug|x64
		{375A19D0-88EE-4226-A8FF-283ACDA0FC39}.Debug|iPhoneSimulator.Deploy.0 = Debug|x64
		{375A19D0-88EE-4226-A8FF-283ACDA0FC39}.Debug|x64.ActiveCfg = Debug|x64
		{375A19D0-88EE-4226-A8FF-283ACDA0FC39}.Debug|x64.Build.0 = Debug|x64
		{375A19D0-88EE-4226-A8FF-283ACDA0FC39}.Debug|x64.Deploy.0 = Debug|x64
		{375A19D0-88EE-4226-A8FF-283ACDA0FC39}.Debug|x86.ActiveCfg = Debug|x86
		{375A19D0-88EE-4226-A8FF-283ACDA0FC39}.Debug|x86.Build.0 = Debug|x86
		{375A19D0-88EE-4226-A8FF-283ACDA0FC39}.Debug|x86.Deploy.0 = Debug|x86
		{375A19D0-88EE-4226-A8FF-283ACDA0FC39}.Release|Any CPU.ActiveCfg = Release|x64
		{375A19D0-88EE-4226-A8FF-283ACDA0FC39}.Release|Any CPU.Build.0 = Release|x64
		{375A19D0-88EE-4226-A8FF-283ACDA0FC39}.Release|Any CPU.Deploy.0 = Release|x64
		{375A19D0-88EE-4226-A8FF-283ACDA0FC39}.Release|ARM.ActiveCfg = Release|ARM
		{375A19D0-88EE-4226-A8FF-283ACDA0FC39}.Release|ARM.Build.0 = Release|ARM
		{375A19D0-88EE-4226-A8FF-283ACDA0FC39}.Release|ARM.Deploy.0 = Release|ARM
		{375A19D0-88EE-4226-A8FF-283ACDA0FC39}.Release|iPhone.ActiveCfg = Release|x64
		{375A19D0-88EE-4226-A8FF-283ACDA0FC39}.Release|iPhone.Build.0 = Release|x64
		{375A19D0-88EE-4226-A8FF-283ACDA0FC39}.Release|iPhone.Deploy.0 = Release|x64
		{375A19D0-88EE-4226-A8FF-283ACDA0FC39}.Release|iPhoneSimulator.ActiveCfg = Release|x64
		{375A19D0-88EE-4226-A8FF-283ACDA0FC39}.Release|iPhoneSimulator.Build.0 = Release|x64
		{375A19D0-88EE-4226-A8FF-283ACDA0FC39}.Release|iPhoneSimulator.Deploy.0 = Release|x64
		{375A19D0-88EE-4226-A8FF-283ACDA0FC39}.Release|x64.ActiveCfg = Release|x64
		{375A19D0-88EE-4226-A8FF-283ACDA0FC39}.Release|x64.Build.0 = Release|x64
		{375A19D0-88EE-4226-A8FF-283ACDA0FC39}.Release|x64.Deploy.0 = Release|x64
		{375A19D0-88EE-4226-A8FF-283ACDA0FC39}.Release|x86.ActiveCfg = Release|x86
		{375A19D0-88EE-4226-A8FF-283ACDA0FC39}.Release|x86.Build.0 = Release|x86
		{375A19D0-88EE-4226-A8FF-283ACDA0FC39}.Release|x86.Deploy.0 = Release|x86
		{032D341C-8897-41D0-A2B4-6C0DA3F60462}.Debug|Any CPU.ActiveCfg = Debug|Any CPU
		{032D341C-8897-41D0-A2B4-6C0DA3F60462}.Debug|Any CPU.Build.0 = Debug|Any CPU
		{032D341C-8897-41D0-A2B4-6C0DA3F60462}.Debug|Any CPU.Deploy.0 = Debug|Any CPU
		{032D341C-8897-41D0-A2B4-6C0DA3F60462}.Debug|ARM.ActiveCfg = Debug|Any CPU
		{032D341C-8897-41D0-A2B4-6C0DA3F60462}.Debug|ARM.Build.0 = Debug|Any CPU
		{032D341C-8897-41D0-A2B4-6C0DA3F60462}.Debug|ARM.Deploy.0 = Debug|Any CPU
		{032D341C-8897-41D0-A2B4-6C0DA3F60462}.Debug|iPhone.ActiveCfg = Debug|Any CPU
		{032D341C-8897-41D0-A2B4-6C0DA3F60462}.Debug|iPhone.Build.0 = Debug|Any CPU
		{032D341C-8897-41D0-A2B4-6C0DA3F60462}.Debug|iPhone.Deploy.0 = Debug|Any CPU
		{032D341C-8897-41D0-A2B4-6C0DA3F60462}.Debug|iPhoneSimulator.ActiveCfg = Debug|Any CPU
		{032D341C-8897-41D0-A2B4-6C0DA3F60462}.Debug|iPhoneSimulator.Build.0 = Debug|Any CPU
		{032D341C-8897-41D0-A2B4-6C0DA3F60462}.Debug|iPhoneSimulator.Deploy.0 = Debug|Any CPU
		{032D341C-8897-41D0-A2B4-6C0DA3F60462}.Debug|x64.ActiveCfg = Debug|Any CPU
		{032D341C-8897-41D0-A2B4-6C0DA3F60462}.Debug|x64.Build.0 = Debug|Any CPU
		{032D341C-8897-41D0-A2B4-6C0DA3F60462}.Debug|x64.Deploy.0 = Debug|Any CPU
		{032D341C-8897-41D0-A2B4-6C0DA3F60462}.Debug|x86.ActiveCfg = Debug|Any CPU
		{032D341C-8897-41D0-A2B4-6C0DA3F60462}.Debug|x86.Build.0 = Debug|Any CPU
		{032D341C-8897-41D0-A2B4-6C0DA3F60462}.Debug|x86.Deploy.0 = Debug|Any CPU
		{032D341C-8897-41D0-A2B4-6C0DA3F60462}.Release|Any CPU.ActiveCfg = Release|Any CPU
		{032D341C-8897-41D0-A2B4-6C0DA3F60462}.Release|Any CPU.Build.0 = Release|Any CPU
		{032D341C-8897-41D0-A2B4-6C0DA3F60462}.Release|Any CPU.Deploy.0 = Release|Any CPU
		{032D341C-8897-41D0-A2B4-6C0DA3F60462}.Release|ARM.ActiveCfg = Release|Any CPU
		{032D341C-8897-41D0-A2B4-6C0DA3F60462}.Release|ARM.Build.0 = Release|Any CPU
		{032D341C-8897-41D0-A2B4-6C0DA3F60462}.Release|ARM.Deploy.0 = Release|Any CPU
		{032D341C-8897-41D0-A2B4-6C0DA3F60462}.Release|iPhone.ActiveCfg = Release|Any CPU
		{032D341C-8897-41D0-A2B4-6C0DA3F60462}.Release|iPhone.Build.0 = Release|Any CPU
		{032D341C-8897-41D0-A2B4-6C0DA3F60462}.Release|iPhone.Deploy.0 = Release|Any CPU
		{032D341C-8897-41D0-A2B4-6C0DA3F60462}.Release|iPhoneSimulator.ActiveCfg = Release|Any CPU
		{032D341C-8897-41D0-A2B4-6C0DA3F60462}.Release|iPhoneSimulator.Build.0 = Release|Any CPU
		{032D341C-8897-41D0-A2B4-6C0DA3F60462}.Release|iPhoneSimulator.Deploy.0 = Release|Any CPU
		{032D341C-8897-41D0-A2B4-6C0DA3F60462}.Release|x64.ActiveCfg = Release|Any CPU
		{032D341C-8897-41D0-A2B4-6C0DA3F60462}.Release|x64.Build.0 = Release|Any CPU
		{032D341C-8897-41D0-A2B4-6C0DA3F60462}.Release|x64.Deploy.0 = Release|Any CPU
		{032D341C-8897-41D0-A2B4-6C0DA3F60462}.Release|x86.ActiveCfg = Release|Any CPU
		{032D341C-8897-41D0-A2B4-6C0DA3F60462}.Release|x86.Build.0 = Release|Any CPU
		{032D341C-8897-41D0-A2B4-6C0DA3F60462}.Release|x86.Deploy.0 = Release|Any CPU
		{F0980871-69A0-4BFE-B35A-62C1159FE068}.Debug|Any CPU.ActiveCfg = Debug|iPhoneSimulator
		{F0980871-69A0-4BFE-B35A-62C1159FE068}.Debug|Any CPU.Build.0 = Debug|iPhoneSimulator
		{F0980871-69A0-4BFE-B35A-62C1159FE068}.Debug|Any CPU.Deploy.0 = Debug|iPhoneSimulator
		{F0980871-69A0-4BFE-B35A-62C1159FE068}.Debug|ARM.ActiveCfg = Debug|iPhoneSimulator
		{F0980871-69A0-4BFE-B35A-62C1159FE068}.Debug|ARM.Build.0 = Debug|iPhoneSimulator
		{F0980871-69A0-4BFE-B35A-62C1159FE068}.Debug|ARM.Deploy.0 = Debug|iPhoneSimulator
		{F0980871-69A0-4BFE-B35A-62C1159FE068}.Debug|iPhone.ActiveCfg = Debug|iPhone
		{F0980871-69A0-4BFE-B35A-62C1159FE068}.Debug|iPhone.Build.0 = Debug|iPhone
		{F0980871-69A0-4BFE-B35A-62C1159FE068}.Debug|iPhone.Deploy.0 = Debug|iPhone
		{F0980871-69A0-4BFE-B35A-62C1159FE068}.Debug|iPhoneSimulator.ActiveCfg = Debug|iPhoneSimulator
		{F0980871-69A0-4BFE-B35A-62C1159FE068}.Debug|iPhoneSimulator.Build.0 = Debug|iPhoneSimulator
		{F0980871-69A0-4BFE-B35A-62C1159FE068}.Debug|iPhoneSimulator.Deploy.0 = Debug|iPhoneSimulator
		{F0980871-69A0-4BFE-B35A-62C1159FE068}.Debug|x64.ActiveCfg = Debug|iPhone
		{F0980871-69A0-4BFE-B35A-62C1159FE068}.Debug|x64.Build.0 = Debug|iPhone
		{F0980871-69A0-4BFE-B35A-62C1159FE068}.Debug|x64.Deploy.0 = Debug|iPhone
		{F0980871-69A0-4BFE-B35A-62C1159FE068}.Debug|x86.ActiveCfg = Debug|iPhoneSimulator
		{F0980871-69A0-4BFE-B35A-62C1159FE068}.Debug|x86.Build.0 = Debug|iPhoneSimulator
		{F0980871-69A0-4BFE-B35A-62C1159FE068}.Debug|x86.Deploy.0 = Debug|iPhoneSimulator
		{F0980871-69A0-4BFE-B35A-62C1159FE068}.Release|Any CPU.ActiveCfg = Release|iPhoneSimulator
		{F0980871-69A0-4BFE-B35A-62C1159FE068}.Release|Any CPU.Build.0 = Release|iPhoneSimulator
		{F0980871-69A0-4BFE-B35A-62C1159FE068}.Release|Any CPU.Deploy.0 = Release|iPhoneSimulator
		{F0980871-69A0-4BFE-B35A-62C1159FE068}.Release|ARM.ActiveCfg = Release|iPhoneSimulator
		{F0980871-69A0-4BFE-B35A-62C1159FE068}.Release|ARM.Build.0 = Release|iPhoneSimulator
		{F0980871-69A0-4BFE-B35A-62C1159FE068}.Release|ARM.Deploy.0 = Release|iPhoneSimulator
		{F0980871-69A0-4BFE-B35A-62C1159FE068}.Release|iPhone.ActiveCfg = Release|iPhone
		{F0980871-69A0-4BFE-B35A-62C1159FE068}.Release|iPhone.Build.0 = Release|iPhone
		{F0980871-69A0-4BFE-B35A-62C1159FE068}.Release|iPhone.Deploy.0 = Release|iPhone
		{F0980871-69A0-4BFE-B35A-62C1159FE068}.Release|iPhoneSimulator.ActiveCfg = Release|iPhoneSimulator
		{F0980871-69A0-4BFE-B35A-62C1159FE068}.Release|iPhoneSimulator.Build.0 = Release|iPhoneSimulator
		{F0980871-69A0-4BFE-B35A-62C1159FE068}.Release|iPhoneSimulator.Deploy.0 = Release|iPhoneSimulator
		{F0980871-69A0-4BFE-B35A-62C1159FE068}.Release|x64.ActiveCfg = Release|iPhoneSimulator
		{F0980871-69A0-4BFE-B35A-62C1159FE068}.Release|x64.Build.0 = Release|iPhoneSimulator
		{F0980871-69A0-4BFE-B35A-62C1159FE068}.Release|x64.Deploy.0 = Release|iPhoneSimulator
		{F0980871-69A0-4BFE-B35A-62C1159FE068}.Release|x86.ActiveCfg = Release|iPhoneSimulator
		{F0980871-69A0-4BFE-B35A-62C1159FE068}.Release|x86.Build.0 = Release|iPhoneSimulator
		{F0980871-69A0-4BFE-B35A-62C1159FE068}.Release|x86.Deploy.0 = Release|iPhoneSimulator
		{7905B3AA-265B-4EA0-8DF1-3C4E766E8794}.Debug|Any CPU.ActiveCfg = Debug|Any CPU
		{7905B3AA-265B-4EA0-8DF1-3C4E766E8794}.Debug|Any CPU.Build.0 = Debug|Any CPU
		{7905B3AA-265B-4EA0-8DF1-3C4E766E8794}.Debug|Any CPU.Deploy.0 = Debug|Any CPU
		{7905B3AA-265B-4EA0-8DF1-3C4E766E8794}.Debug|ARM.ActiveCfg = Debug|Any CPU
		{7905B3AA-265B-4EA0-8DF1-3C4E766E8794}.Debug|ARM.Build.0 = Debug|Any CPU
		{7905B3AA-265B-4EA0-8DF1-3C4E766E8794}.Debug|ARM.Deploy.0 = Debug|Any CPU
		{7905B3AA-265B-4EA0-8DF1-3C4E766E8794}.Debug|iPhone.ActiveCfg = Debug|Any CPU
		{7905B3AA-265B-4EA0-8DF1-3C4E766E8794}.Debug|iPhone.Build.0 = Debug|Any CPU
		{7905B3AA-265B-4EA0-8DF1-3C4E766E8794}.Debug|iPhone.Deploy.0 = Debug|Any CPU
		{7905B3AA-265B-4EA0-8DF1-3C4E766E8794}.Debug|iPhoneSimulator.ActiveCfg = Debug|Any CPU
		{7905B3AA-265B-4EA0-8DF1-3C4E766E8794}.Debug|iPhoneSimulator.Build.0 = Debug|Any CPU
		{7905B3AA-265B-4EA0-8DF1-3C4E766E8794}.Debug|iPhoneSimulator.Deploy.0 = Debug|Any CPU
		{7905B3AA-265B-4EA0-8DF1-3C4E766E8794}.Debug|x64.ActiveCfg = Debug|Any CPU
		{7905B3AA-265B-4EA0-8DF1-3C4E766E8794}.Debug|x64.Build.0 = Debug|Any CPU
		{7905B3AA-265B-4EA0-8DF1-3C4E766E8794}.Debug|x64.Deploy.0 = Debug|Any CPU
		{7905B3AA-265B-4EA0-8DF1-3C4E766E8794}.Debug|x86.ActiveCfg = Debug|Any CPU
		{7905B3AA-265B-4EA0-8DF1-3C4E766E8794}.Debug|x86.Build.0 = Debug|Any CPU
		{7905B3AA-265B-4EA0-8DF1-3C4E766E8794}.Debug|x86.Deploy.0 = Debug|Any CPU
		{7905B3AA-265B-4EA0-8DF1-3C4E766E8794}.Release|Any CPU.ActiveCfg = Release|Any CPU
		{7905B3AA-265B-4EA0-8DF1-3C4E766E8794}.Release|Any CPU.Build.0 = Release|Any CPU
		{7905B3AA-265B-4EA0-8DF1-3C4E766E8794}.Release|Any CPU.Deploy.0 = Release|Any CPU
		{7905B3AA-265B-4EA0-8DF1-3C4E766E8794}.Release|ARM.ActiveCfg = Release|Any CPU
		{7905B3AA-265B-4EA0-8DF1-3C4E766E8794}.Release|ARM.Build.0 = Release|Any CPU
		{7905B3AA-265B-4EA0-8DF1-3C4E766E8794}.Release|ARM.Deploy.0 = Release|Any CPU
		{7905B3AA-265B-4EA0-8DF1-3C4E766E8794}.Release|iPhone.ActiveCfg = Release|Any CPU
		{7905B3AA-265B-4EA0-8DF1-3C4E766E8794}.Release|iPhone.Build.0 = Release|Any CPU
		{7905B3AA-265B-4EA0-8DF1-3C4E766E8794}.Release|iPhone.Deploy.0 = Release|Any CPU
		{7905B3AA-265B-4EA0-8DF1-3C4E766E8794}.Release|iPhoneSimulator.ActiveCfg = Release|Any CPU
		{7905B3AA-265B-4EA0-8DF1-3C4E766E8794}.Release|iPhoneSimulator.Build.0 = Release|Any CPU
		{7905B3AA-265B-4EA0-8DF1-3C4E766E8794}.Release|iPhoneSimulator.Deploy.0 = Release|Any CPU
		{7905B3AA-265B-4EA0-8DF1-3C4E766E8794}.Release|x64.ActiveCfg = Release|Any CPU
		{7905B3AA-265B-4EA0-8DF1-3C4E766E8794}.Release|x64.Build.0 = Release|Any CPU
		{7905B3AA-265B-4EA0-8DF1-3C4E766E8794}.Release|x64.Deploy.0 = Release|Any CPU
		{7905B3AA-265B-4EA0-8DF1-3C4E766E8794}.Release|x86.ActiveCfg = Release|Any CPU
		{7905B3AA-265B-4EA0-8DF1-3C4E766E8794}.Release|x86.Build.0 = Release|Any CPU
		{7905B3AA-265B-4EA0-8DF1-3C4E766E8794}.Release|x86.Deploy.0 = Release|Any CPU
	EndGlobalSection
	GlobalSection(SolutionProperties) = preSolution
		HideSolutionNode = FALSE
	EndGlobalSection
	GlobalSection(ExtensibilityGlobals) = postSolution
		SolutionGuid = {D91F4A9C-65C8-47D6-965A-CC54594B080C}
	EndGlobalSection
EndGlobal
